{
    "version": 3,
    "terraform_version": "0.11.7",
    "serial": 3,
    "lineage": "3d74a531-e07a-5b12-cc9d-8c380578af68",
    "modules": [
        {
            "path": [
                "root"
            ],
            "outputs": {},
            "resources": {
                "azurerm_resource_group.main": {
                    "type": "azurerm_resource_group",
                    "depends_on": [],
                    "primary": {
                        "id": "/subscriptions/0cc1170b-f7a6-44c3-b062-6e4fe9f9f872/resourceGroups/production-resources",
                        "attributes": {
                            "id": "/subscriptions/0cc1170b-f7a6-44c3-b062-6e4fe9f9f872/resourceGroups/production-resources",
                            "location": "westus",
                            "name": "production-resources",
                            "tags.%": "0"
                        },
                        "meta": {},
                        "tainted": false
                    },
                    "deposed": [],
                    "provider": "provider.azurerm"
                },
                "azurerm_virtual_network.network": {
                    "type": "azurerm_virtual_network",
                    "depends_on": [
                        "azurerm_resource_group.main"
                    ],
                    "primary": {
                        "id": "/subscriptions/0cc1170b-f7a6-44c3-b062-6e4fe9f9f872/resourceGroups/production-resources/providers/Microsoft.Network/virtualNetworks/test-production-network",
                        "attributes": {
                            "address_space.#": "1",
                            "address_space.0": "110.0.0.0/16",
                            "dns_servers.#": "0",
                            "id": "/subscriptions/0cc1170b-f7a6-44c3-b062-6e4fe9f9f872/resourceGroups/production-resources/providers/Microsoft.Network/virtualNetworks/test-production-network",
                            "location": "westus",
                            "name": "test-production-network",
                            "resource_group_name": "production-resources",
                            "subnet.#": "3",
                            "subnet.131561649.address_prefix": "110.0.3.0/24",
                            "subnet.131561649.name": "subnet3",
                            "subnet.131561649.security_group": "",
                            "subnet.287142545.address_prefix": "110.0.2.0/24",
                            "subnet.287142545.name": "subnet2",
                            "subnet.287142545.security_group": "",
                            "subnet.709061873.address_prefix": "110.0.1.0/24",
                            "subnet.709061873.name": "subnet1",
                            "subnet.709061873.security_group": "",
                            "tags.%": "0"
                        },
                        "meta": {},
                        "tainted": false
                    },
                    "deposed": [],
                    "provider": "provider.azurerm"
                }
            },
            "depends_on": []
        }
    ]
}
