{
    "version": 3,
    "terraform_version": "0.11.7",
    "serial": 4,
    "lineage": "777a3e89-af35-a4ad-00f5-05f0ab6f3559",
    "modules": [
        {
            "path": [
                "root"
            ],
            "outputs": {},
            "resources": {
                "azurerm_network_interface.myterraformnic": {
                    "type": "azurerm_network_interface",
                    "depends_on": [
                        "azurerm_network_security_group.temyterraformpublicipnsg",
                        "azurerm_resource_group.mue1-terraform-test-rg",
                        "azurerm_subnet.myterraformsubnet"
                    ],
                    "primary": {
                        "id": "/subscriptions/39ac48fb-fea0-486a-ba84-e0ae9b06c663/resourceGroups/mue1-terraform-test-rg/providers/Microsoft.Network/networkInterfaces/myNIC",
                        "attributes": {
                            "applied_dns_servers.#": "0",
                            "dns_servers.#": "0",
                            "enable_accelerated_networking": "false",
                            "enable_ip_forwarding": "false",
                            "id": "/subscriptions/39ac48fb-fea0-486a-ba84-e0ae9b06c663/resourceGroups/mue1-terraform-test-rg/providers/Microsoft.Network/networkInterfaces/myNIC",
                            "internal_dns_name_label": "",
                            "internal_fqdn": "",
                            "ip_configuration.#": "1",
                            "ip_configuration.0.application_gateway_backend_address_pools_ids.#": "0",
                            "ip_configuration.0.application_security_group_ids.#": "0",
                            "ip_configuration.0.load_balancer_backend_address_pools_ids.#": "0",
                            "ip_configuration.0.load_balancer_inbound_nat_rules_ids.#": "0",
                            "ip_configuration.0.name": "myNicConfiguration",
                            "ip_configuration.0.primary": "true",
                            "ip_configuration.0.private_ip_address": "",
                            "ip_configuration.0.private_ip_address_allocation": "dynamic",
                            "ip_configuration.0.public_ip_address_id": "",
                            "ip_configuration.0.subnet_id": "/subscriptions/39ac48fb-fea0-486a-ba84-e0ae9b06c663/resourceGroups/mue1-terraform-test-rg/providers/Microsoft.Network/virtualNetworks/myVnet/subnets/mySubnet",
                            "location": "eastus",
                            "mac_address": "",
                            "name": "myNIC",
                            "network_security_group_id": "/subscriptions/39ac48fb-fea0-486a-ba84-e0ae9b06c663/resourceGroups/mue1-terraform-test-rg/providers/Microsoft.Network/networkSecurityGroups/myNetworkSecurityGroup",
                            "private_ip_address": "10.0.2.4",
                            "private_ip_addresses.#": "1",
                            "private_ip_addresses.0": "10.0.2.4",
                            "resource_group_name": "mue1-terraform-test-rg",
                            "tags.%": "1",
                            "tags.environment": "Terraform Demo"
                        },
                        "meta": {},
                        "tainted": false
                    },
                    "deposed": [],
                    "provider": "provider.azurerm"
                },
                "azurerm_network_security_group.temyterraformpublicipnsg": {
                    "type": "azurerm_network_security_group",
                    "depends_on": [
                        "azurerm_resource_group.mue1-terraform-test-rg"
                    ],
                    "primary": {
                        "id": "/subscriptions/39ac48fb-fea0-486a-ba84-e0ae9b06c663/resourceGroups/mue1-terraform-test-rg/providers/Microsoft.Network/networkSecurityGroups/myNetworkSecurityGroup",
                        "attributes": {
                            "id": "/subscriptions/39ac48fb-fea0-486a-ba84-e0ae9b06c663/resourceGroups/mue1-terraform-test-rg/providers/Microsoft.Network/networkSecurityGroups/myNetworkSecurityGroup",
                            "location": "eastus",
                            "name": "myNetworkSecurityGroup",
                            "resource_group_name": "mue1-terraform-test-rg",
                            "security_rule.#": "1",
                            "security_rule.2090309246.access": "Allow",
                            "security_rule.2090309246.description": "",
                            "security_rule.2090309246.destination_address_prefix": "*",
                            "security_rule.2090309246.destination_address_prefixes.#": "0",
                            "security_rule.2090309246.destination_application_security_group_ids.#": "0",
                            "security_rule.2090309246.destination_port_range": "22",
                            "security_rule.2090309246.destination_port_ranges.#": "0",
                            "security_rule.2090309246.direction": "Inbound",
                            "security_rule.2090309246.name": "SSH",
                            "security_rule.2090309246.priority": "1001",
                            "security_rule.2090309246.protocol": "Tcp",
                            "security_rule.2090309246.source_address_prefix": "*",
                            "security_rule.2090309246.source_address_prefixes.#": "0",
                            "security_rule.2090309246.source_application_security_group_ids.#": "0",
                            "security_rule.2090309246.source_port_range": "*",
                            "security_rule.2090309246.source_port_ranges.#": "0",
                            "tags.%": "1",
                            "tags.environment": "Terraform Demo"
                        },
                        "meta": {},
                        "tainted": false
                    },
                    "deposed": [],
                    "provider": "provider.azurerm"
                },
                "azurerm_resource_group.mue1-terraform-test-rg": {
                    "type": "azurerm_resource_group",
                    "depends_on": [],
                    "primary": {
                        "id": "/subscriptions/39ac48fb-fea0-486a-ba84-e0ae9b06c663/resourceGroups/mue1-terraform-test-rg",
                        "attributes": {
                            "id": "/subscriptions/39ac48fb-fea0-486a-ba84-e0ae9b06c663/resourceGroups/mue1-terraform-test-rg",
                            "location": "eastus",
                            "name": "mue1-terraform-test-rg",
                            "tags.%": "1",
                            "tags.environment": "Terraform Demo"
                        },
                        "meta": {},
                        "tainted": false
                    },
                    "deposed": [],
                    "provider": "provider.azurerm"
                },
                "azurerm_storage_account.mystorageaccount": {
                    "type": "azurerm_storage_account",
                    "depends_on": [
                        "azurerm_resource_group.mue1-terraform-test-rg",
                        "random_id.randomId"
                    ],
                    "primary": {
                        "id": "/subscriptions/39ac48fb-fea0-486a-ba84-e0ae9b06c663/resourceGroups/mue1-terraform-test-rg/providers/Microsoft.Storage/storageAccounts/diag3e7c9307d941ce68",
                        "attributes": {
                            "access_tier": "",
                            "account_encryption_source": "Microsoft.Storage",
                            "account_kind": "Storage",
                            "account_replication_type": "LRS",
                            "account_tier": "Standard",
                            "account_type": "Standard_LRS",
                            "enable_blob_encryption": "true",
                            "enable_file_encryption": "true",
                            "enable_https_traffic_only": "false",
                            "id": "/subscriptions/39ac48fb-fea0-486a-ba84-e0ae9b06c663/resourceGroups/mue1-terraform-test-rg/providers/Microsoft.Storage/storageAccounts/diag3e7c9307d941ce68",
                            "location": "eastus",
                            "name": "diag3e7c9307d941ce68",
                            "primary_access_key": "NQx+yqYBTAeANDWmEdN/NkymuwCXr1yvYaTPyWyaOMYO4qe+KSckSnOUIqlbenZ2rjrWCuxdIA8abDIE4skqng==",
                            "primary_blob_connection_string": "DefaultEndpointsProtocol=https;BlobEndpoint=https://diag3e7c9307d941ce68.blob.core.windows.net/;AccountName=diag3e7c9307d941ce68;AccountKey=NQx+yqYBTAeANDWmEdN/NkymuwCXr1yvYaTPyWyaOMYO4qe+KSckSnOUIqlbenZ2rjrWCuxdIA8abDIE4skqng==",
                            "primary_blob_endpoint": "https://diag3e7c9307d941ce68.blob.core.windows.net/",
                            "primary_connection_string": "DefaultEndpointsProtocol=https;AccountName=diag3e7c9307d941ce68;AccountKey=NQx+yqYBTAeANDWmEdN/NkymuwCXr1yvYaTPyWyaOMYO4qe+KSckSnOUIqlbenZ2rjrWCuxdIA8abDIE4skqng==;EndpointSuffix=core.windows.net",
                            "primary_file_endpoint": "https://diag3e7c9307d941ce68.file.core.windows.net/",
                            "primary_location": "eastus",
                            "primary_queue_endpoint": "https://diag3e7c9307d941ce68.queue.core.windows.net/",
                            "primary_table_endpoint": "https://diag3e7c9307d941ce68.table.core.windows.net/",
                            "resource_group_name": "mue1-terraform-test-rg",
                            "secondary_access_key": "PbCTrikDRX6q/vHAz1DnccaCjWczCF9iZZS/T4moaT69CrzakwJrwwftpFiKM1iAZ0+NLBWd/O/MycTQ5RgKaA==",
                            "secondary_connection_string": "DefaultEndpointsProtocol=https;AccountName=diag3e7c9307d941ce68;AccountKey=PbCTrikDRX6q/vHAz1DnccaCjWczCF9iZZS/T4moaT69CrzakwJrwwftpFiKM1iAZ0+NLBWd/O/MycTQ5RgKaA==;EndpointSuffix=core.windows.net",
                            "secondary_location": "",
                            "tags.%": "1",
                            "tags.environment": "Terraform Demo"
                        },
                        "meta": {
                            "schema_version": "2"
                        },
                        "tainted": false
                    },
                    "deposed": [],
                    "provider": "provider.azurerm"
                },
                "azurerm_subnet.myterraformsubnet": {
                    "type": "azurerm_subnet",
                    "depends_on": [
                        "azurerm_resource_group.mue1-terraform-test-rg",
                        "azurerm_virtual_network.myterraformnetwork"
                    ],
                    "primary": {
                        "id": "/subscriptions/39ac48fb-fea0-486a-ba84-e0ae9b06c663/resourceGroups/mue1-terraform-test-rg/providers/Microsoft.Network/virtualNetworks/myVnet/subnets/mySubnet",
                        "attributes": {
                            "address_prefix": "10.0.2.0/24",
                            "id": "/subscriptions/39ac48fb-fea0-486a-ba84-e0ae9b06c663/resourceGroups/mue1-terraform-test-rg/providers/Microsoft.Network/virtualNetworks/myVnet/subnets/mySubnet",
                            "ip_configurations.#": "1",
                            "ip_configurations.4068892730": "/subscriptions/39ac48fb-fea0-486a-ba84-e0ae9b06c663/resourceGroups/mue1-terraform-test-rg/providers/Microsoft.Network/networkInterfaces/myNIC/ipConfigurations/myNicConfiguration",
                            "name": "mySubnet",
                            "resource_group_name": "mue1-terraform-test-rg",
                            "service_endpoints.#": "0",
                            "virtual_network_name": "myVnet"
                        },
                        "meta": {},
                        "tainted": false
                    },
                    "deposed": [],
                    "provider": "provider.azurerm"
                },
                "azurerm_virtual_machine.myterraformVM": {
                    "type": "azurerm_virtual_machine",
                    "depends_on": [
                        "azurerm_network_interface.myterraformnic",
                        "azurerm_resource_group.mue1-terraform-test-rg",
                        "azurerm_storage_account.mystorageaccount"
                    ],
                    "primary": {
                        "id": "/subscriptions/39ac48fb-fea0-486a-ba84-e0ae9b06c663/resourceGroups/mue1-terraform-test-rg/providers/Microsoft.Compute/virtualMachines/myVM",
                        "attributes": {
                            "boot_diagnostics.#": "1",
                            "boot_diagnostics.0.enabled": "true",
                            "boot_diagnostics.0.storage_uri": "https://diag3e7c9307d941ce68.blob.core.windows.net/",
                            "delete_data_disks_on_termination": "false",
                            "delete_os_disk_on_termination": "false",
                            "id": "/subscriptions/39ac48fb-fea0-486a-ba84-e0ae9b06c663/resourceGroups/mue1-terraform-test-rg/providers/Microsoft.Compute/virtualMachines/myVM",
                            "identity.#": "0",
                            "location": "eastus",
                            "name": "myVM",
                            "network_interface_ids.#": "1",
                            "network_interface_ids.0": "/subscriptions/39ac48fb-fea0-486a-ba84-e0ae9b06c663/resourceGroups/mue1-terraform-test-rg/providers/Microsoft.Network/networkInterfaces/myNIC",
                            "os_profile.#": "1",
                            "os_profile.294324590.admin_password": "",
                            "os_profile.294324590.admin_username": "sre",
                            "os_profile.294324590.computer_name": "myvm",
                            "os_profile.294324590.custom_data": "",
                            "os_profile_linux_config.#": "1",
                            "os_profile_linux_config.69840937.disable_password_authentication": "true",
                            "os_profile_linux_config.69840937.ssh_keys.#": "1",
                            "os_profile_linux_config.69840937.ssh_keys.0.key_data": "ssh-rsa AAAAB3NzaC1yc2EAAAADAQABAAABAQC7w1fh5MwCnR4lc9fnFVLIEdV4xdvDRYNx8wJwxD1uPins0GNazVrxcoy2Mb882x6gSf9Z/neTfEO2EvyTKmBeUF022aR7JqkjzWXoi3H1oEKaFvh5+RNOTvhhAnWyL1sck0MH4ONj63ODJZo4S2Nmcii/X3/gIb5y1Q4kJrafpyrtWvODUJO8bil86kog7Owz39+6Ze1TlieFv76kxLONnt2M7nXMWYJNxCcvkVLoJg8EeijRd/6l6RFbssrRNpuk40UR/sW7S04Ec8zA/0B/XS1WkFizVlAmylOzXPvNZR+xtNjqJ+QFJWKxsiv20LMlQfwPVLG+vNtCRmXEIqKb",
                            "os_profile_linux_config.69840937.ssh_keys.0.path": "/home/sre/.ssh/authorized_keys",
                            "os_profile_secrets.#": "0",
                            "resource_group_name": "mue1-terraform-test-rg",
                            "storage_data_disk.#": "0",
                            "storage_image_reference.#": "1",
                            "storage_image_reference.363552096.id": "",
                            "storage_image_reference.363552096.offer": "UbuntuServer",
                            "storage_image_reference.363552096.publisher": "Canonical",
                            "storage_image_reference.363552096.sku": "16.04.0-LTS",
                            "storage_image_reference.363552096.version": "latest",
                            "storage_os_disk.#": "1",
                            "storage_os_disk.0.caching": "ReadWrite",
                            "storage_os_disk.0.create_option": "FromImage",
                            "storage_os_disk.0.disk_size_gb": "30",
                            "storage_os_disk.0.image_uri": "",
                            "storage_os_disk.0.managed_disk_id": "/subscriptions/39ac48fb-fea0-486a-ba84-e0ae9b06c663/resourceGroups/mue1-terraform-test-rg/providers/Microsoft.Compute/disks/myOSDisk",
                            "storage_os_disk.0.managed_disk_type": "Premium_LRS",
                            "storage_os_disk.0.name": "myOSDisk",
                            "storage_os_disk.0.os_type": "Linux",
                            "storage_os_disk.0.vhd_uri": "",
                            "tags.%": "1",
                            "tags.environment": "Terraform Demo",
                            "vm_size": "Standard_DS1_v2",
                            "zones.#": "0"
                        },
                        "meta": {},
                        "tainted": false
                    },
                    "deposed": [],
                    "provider": "provider.azurerm"
                },
                "azurerm_virtual_network.myterraformnetwork": {
                    "type": "azurerm_virtual_network",
                    "depends_on": [
                        "azurerm_resource_group.mue1-terraform-test-rg"
                    ],
                    "primary": {
                        "id": "/subscriptions/39ac48fb-fea0-486a-ba84-e0ae9b06c663/resourceGroups/mue1-terraform-test-rg/providers/Microsoft.Network/virtualNetworks/myVnet",
                        "attributes": {
                            "address_space.#": "1",
                            "address_space.0": "10.0.0.0/16",
                            "dns_servers.#": "0",
                            "id": "/subscriptions/39ac48fb-fea0-486a-ba84-e0ae9b06c663/resourceGroups/mue1-terraform-test-rg/providers/Microsoft.Network/virtualNetworks/myVnet",
                            "location": "eastus",
                            "name": "myVnet",
                            "resource_group_name": "mue1-terraform-test-rg",
                            "subnet.#": "1",
                            "subnet.2077117380.address_prefix": "10.0.2.0/24",
                            "subnet.2077117380.name": "mySubnet",
                            "subnet.2077117380.security_group": "",
                            "tags.%": "1",
                            "tags.environment": "Terraform Demo"
                        },
                        "meta": {},
                        "tainted": false
                    },
                    "deposed": [],
                    "provider": "provider.azurerm"
                },
                "random_id.randomId": {
                    "type": "random_id",
                    "depends_on": [
                        "azurerm_resource_group.mue1-terraform-test-rg"
                    ],
                    "primary": {
                        "id": "PnyTB9lBzmg",
                        "attributes": {
                            "b64": "PnyTB9lBzmg",
                            "b64_std": "PnyTB9lBzmg=",
                            "b64_url": "PnyTB9lBzmg",
                            "byte_length": "8",
                            "dec": "4502635389382676072",
                            "hex": "3e7c9307d941ce68",
                            "id": "PnyTB9lBzmg",
                            "keepers.%": "1",
                            "keepers.resource_group": "mue1-terraform-test-rg"
                        },
                        "meta": {},
                        "tainted": false
                    },
                    "deposed": [],
                    "provider": "provider.random"
                }
            },
            "depends_on": []
        }
    ]
}
