{
    "version": 3,
    "terraform_version": "0.11.7",
    "serial": 1,
    "lineage": "28c1290a-9cba-0127-a253-e5041048a28b",
    "modules": [
        {
            "path": [
                "root"
            ],
            "outputs": {},
            "resources": {
                "azurerm_resource_group.network": {
                    "type": "azurerm_resource_group",
                    "depends_on": [],
                    "primary": {
                        "id": "/subscriptions/0cc1170b-f7a6-44c3-b062-6e4fe9f9f872/resourceGroups/production",
                        "attributes": {
                            "id": "/subscriptions/0cc1170b-f7a6-44c3-b062-6e4fe9f9f872/resourceGroups/production",
                            "location": "westus",
                            "name": "production",
                            "tags.%": "0"
                        },
                        "meta": {},
                        "tainted": false
                    },
                    "deposed": [],
                    "provider": "provider.azurerm"
                },
                "azurerm_virtual_network.network": {
                    "type": "azurerm_virtual_network",
                    "depends_on": [
                        "azurerm_resource_group.network"
                    ],
                    "primary": {
                        "id": "/subscriptions/0cc1170b-f7a6-44c3-b062-6e4fe9f9f872/resourceGroups/production/providers/Microsoft.Network/virtualNetworks/production-network",
                        "attributes": {
                            "address_space.#": "1",
                            "address_space.0": "10.0.0.0/16",
                            "dns_servers.#": "0",
                            "id": "/subscriptions/0cc1170b-f7a6-44c3-b062-6e4fe9f9f872/resourceGroups/production/providers/Microsoft.Network/virtualNetworks/production-network",
                            "location": "westus",
                            "name": "production-network",
                            "resource_group_name": "production",
                            "subnet.#": "3",
                            "subnet.1472110187.address_prefix": "10.0.1.0/24",
                            "subnet.1472110187.name": "subnet1",
                            "subnet.1472110187.security_group": "",
                            "subnet.2796830261.address_prefix": "10.0.2.0/24",
                            "subnet.2796830261.name": "subnet2",
                            "subnet.2796830261.security_group": "",
                            "subnet.4132282879.address_prefix": "10.0.3.0/24",
                            "subnet.4132282879.name": "subnet3",
                            "subnet.4132282879.security_group": "",
                            "tags.%": "0"
                        },
                        "meta": {},
                        "tainted": false
                    },
                    "deposed": [],
                    "provider": "provider.azurerm"
                }
            },
            "depends_on": []
        }
    ]
}
